
Microsoft Visual Studio Solution File, Format Version 12.00
# Visual Studio 15
VisualStudioVersion = 15.0.27428.2037
MinimumVisualStudioVersion = 10.0.40219.1
Project("{9A19103F-16F7-4668-BE54-9A1E7A4F7556}") = "aulaDotNetCore", "aulaDotNetCore.csproj", "{F24DF19A-3A14-4E21-8058-16E310107B63}"
EndProject
Global
	GlobalSection(SolutionConfigurationPlatforms) = preSolution
		Debug|Any CPU = Debug|Any CPU
		Release|Any CPU = Release|Any CPU
	EndGlobalSection
	GlobalSection(ProjectConfigurationPlatforms) = postSolution
		{F24DF19A-3A14-4E21-8058-16E310107B63}.Debug|Any CPU.ActiveCfg = Debug|Any CPU
		{F24DF19A-3A14-4E21-8058-16E310107B63}.Debug|Any CPU.Build.0 = Debug|Any CPU
		{F24DF19A-3A14-4E21-8058-16E310107B63}.Release|Any CPU.ActiveCfg = Release|Any CPU
		{F24DF19A-3A14-4E21-8058-16E310107B63}.Release|Any CPU.Build.0 = Release|Any CPU
	EndGlobalSection
	GlobalSection(SolutionProperties) = preSolution
		HideSolutionNode = FALSE
	EndGlobalSection
	GlobalSection(ExtensibilityGlobals) = postSolution
		SolutionGuid = {C8CF3F2C-88EB-4FF7-864C-28C13A856702}
	EndGlobalSection
EndGlobal
